{
  "name": "cow-protocol-offline-mode",
  "version": "1.0.0",
  "lockfileVersion": 3,
  "requires": true,
  "packages": {
    "": {
      "name": "cow-protocol-offline-mode",
      "version": "1.0.0",
      "license": "MIT",
      "dependencies": {
        "@cowprotocol/contracts": "^1.6.0",
        "@openzeppelin/contracts": "^5.0.2",
        "@openzeppelin/contracts-old": "npm:@openzeppelin/contracts@^3.4.0",
        "@uniswap/lib": "^4.0.1-alpha",
        "@uniswap/v2-core": "^1.0.1",
        "@uniswap/v2-periphery": "^1.1.0-beta.0",
        "forge-std": "github:foundry-rs/forge-std",
        "solmate": "github:transmissions11/solmate"
      }
    },
    "node_modules/@cowprotocol/contracts": {
      "version": "1.8.0",
      "resolved": "https://registry.npmjs.org/@cowprotocol/contracts/-/contracts-1.8.0.tgz",
      "integrity": "sha512-rMEHo1UBB6k4kRoWejHZNGggg6IBVt7vAd8x0FhEvjxhbq3zlAex61f9HpAcDExJNuvfwwDjsOc/7UGztCzhSw==",
      "license": "LGPL-3.0-or-later",
      "peerDependencies": {
        "ethers": "^5.4.0"
      }
    },
    "node_modules/@ethersproject/abi": {
      "version": "5.8.0",
      "resolved": "https://registry.npmjs.org/@ethersproject/abi/-/abi-5.8.0.tgz",
      "integrity": "sha512-b9YS/43ObplgyV6SlyQsG53/vkSal0MNA1fskSC4mbnCMi8R+NkcH8K9FPYNESf6jUefBUniE4SOKms0E/KK1Q==",
      "funding": [
        {
          "type": "individual",
          "url": "https://gitcoin.co/grants/13/ethersjs-complete-simple-and-tiny-2"
        },
        {
          "type": "individual",
          "url": "https://www.buymeacoffee.com/ricmoo"
        }
      ],
      "license": "MIT",
      "peer": true,
      "dependencies": {
        "@ethersproject/address": "^5.8.0",
        "@ethersproject/bignumber": "^5.8.0",
        "@ethersproject/bytes": "^5.8.0",
        "@ethersproject/constants": "^5.8.0",
        "@ethersproject/hash": "^5.8.0",
        "@ethersproject/keccak256": "^5.8.0",
        "@ethersproject/logger": "^5.8.0",
        "@ethersproject/properties": "^5.8.0",
        "@ethersproject/strings": "^5.8.0"
      }
    },
    "node_modules/@ethersproject/abstract-provider": {
      "version": "5.8.0",
      "resolved": "https://registry.npmjs.org/@ethersproject/abstract-provider/-/abstract-provider-5.8.0.tgz",
      "integrity": "sha512-wC9SFcmh4UK0oKuLJQItoQdzS/qZ51EJegK6EmAWlh+OptpQ/npECOR3QqECd8iGHC0RJb4WKbVdSfif4ammrg==",
      "funding": [
        {
          "type": "individual",
          "url": "https://gitcoin.co/grants/13/ethersjs-complete-simple-and-tiny-2"
        },
        {
          "type": "individual",
          "url": "https://www.buymeacoffee.com/ricmoo"
        }
      ],
      "license": "MIT",
      "peer": true,
      "dependencies": {
        "@ethersproject/bignumber": "^5.8.0",
        "@ethersproject/bytes": "^5.8.0",
        "@ethersproject/logger": "^5.8.0",
        "@ethersproject/networks": "^5.8.0",
        "@ethersproject/properties": "^5.8.0",
        "@ethersproject/transactions": "^5.8.0",
        "@ethersproject/web": "^5.8.0"
      }
    },
    "node_modules/@ethersproject/abstract-signer": {
      "version": "5.8.0",
      "resolved": "https://registry.npmjs.org/@ethersproject/abstract-signer/-/abstract-signer-5.8.0.tgz",
      "integrity": "sha512-N0XhZTswXcmIZQdYtUnd79VJzvEwXQw6PK0dTl9VoYrEBxxCPXqS0Eod7q5TNKRxe1/5WUMuR0u0nqTF/avdCA==",
      "funding": [
        {
          "type": "individual",
          "url": "https://gitcoin.co/grants/13/ethersjs-complete-simple-and-tiny-2"
        },
        {
          "type": "individual",
          "url": "https://www.buymeacoffee.com/ricmoo"
        }
      ],
      "license": "MIT",
      "peer": true,
      "dependencies": {
        "@ethersproject/abstract-provider": "^5.8.0",
        "@ethersproject/bignumber": "^5.8.0",
        "@ethersproject/bytes": "^5.8.0",
        "@ethersproject/logger": "^5.8.0",
        "@ethersproject/properties": "^5.8.0"
      }
    },
    "node_modules/@ethersproject/address": {
      "version": "5.8.0",
      "resolved": "https://registry.npmjs.org/@ethersproject/address/-/address-5.8.0.tgz",
      "integrity": "sha512-GhH/abcC46LJwshoN+uBNoKVFPxUuZm6dA257z0vZkKmU1+t8xTn8oK7B9qrj8W2rFRMch4gbJl6PmVxjxBEBA==",
      "funding": [
        {
          "type": "individual",
          "url": "https://gitcoin.co/grants/13/ethersjs-complete-simple-and-tiny-2"
        },
        {
          "type": "individual",
          "url": "https://www.buymeacoffee.com/ricmoo"
        }
      ],
      "license": "MIT",
      "peer": true,
      "dependencies": {
        "@ethersproject/bignumber": "^5.8.0",
        "@ethersproject/bytes": "^5.8.0",
        "@ethersproject/keccak256": "^5.8.0",
        "@ethersproject/logger": "^5.8.0",
        "@ethersproject/rlp": "^5.8.0"
      }
    },
    "node_modules/@ethersproject/base64": {
      "version": "5.8.0",
      "resolved": "https://registry.npmjs.org/@ethersproject/base64/-/base64-5.8.0.tgz",
      "integrity": "sha512-lN0oIwfkYj9LbPx4xEkie6rAMJtySbpOAFXSDVQaBnAzYfB4X2Qr+FXJGxMoc3Bxp2Sm8OwvzMrywxyw0gLjIQ==",
      "funding": [
        {
          "type": "individual",
          "url": "https://gitcoin.co/grants/13/ethersjs-complete-simple-and-tiny-2"
        },
        {
          "type": "individual",
          "url": "https://www.buymeacoffee.com/ricmoo"
        }
      ],
      "license": "MIT",
      "peer": true,
      "dependencies": {
        "@ethersproject/bytes": "^5.8.0"
      }
    },
    "node_modules/@ethersproject/basex": {
      "version": "5.8.0",
      "resolved": "https://registry.npmjs.org/@ethersproject/basex/-/basex-5.8.0.tgz",
      "integrity": "sha512-PIgTszMlDRmNwW9nhS6iqtVfdTAKosA7llYXNmGPw4YAI1PUyMv28988wAb41/gHF/WqGdoLv0erHaRcHRKW2Q==",
      "funding": [
        {
          "type": "individual",
          "url": "https://gitcoin.co/grants/13/ethersjs-complete-simple-and-tiny-2"
        },
        {
          "type": "individual",
          "url": "https://www.buymeacoffee.com/ricmoo"
        }
      ],
      "license": "MIT",
      "peer": true,
      "dependencies": {
        "@ethersproject/bytes": "^5.8.0",
        "@ethersproject/properties": "^5.8.0"
      }
    },
    "node_modules/@ethersproject/bignumber": {
      "version": "5.8.0",
      "resolved": "https://registry.npmjs.org/@ethersproject/bignumber/-/bignumber-5.8.0.tgz",
      "integrity": "sha512-ZyaT24bHaSeJon2tGPKIiHszWjD/54Sz8t57Toch475lCLljC6MgPmxk7Gtzz+ddNN5LuHea9qhAe0x3D+uYPA==",
      "funding": [
        {
          "type": "individual",
          "url": "https://gitcoin.co/grants/13/ethersjs-complete-simple-and-tiny-2"
        },
        {
          "type": "individual",
          "url": "https://www.buymeacoffee.com/ricmoo"
        }
      ],
      "license": "MIT",
      "peer": true,
      "dependencies": {
        "@ethersproject/bytes": "^5.8.0",
        "@ethersproject/logger": "^5.8.0",
        "bn.js": "^5.2.1"
      }
    },
    "node_modules/@ethersproject/bytes": {
      "version": "5.8.0",
      "resolved": "https://registry.npmjs.org/@ethersproject/bytes/-/bytes-5.8.0.tgz",
      "integrity": "sha512-vTkeohgJVCPVHu5c25XWaWQOZ4v+DkGoC42/TS2ond+PARCxTJvgTFUNDZovyQ/uAQ4EcpqqowKydcdmRKjg7A==",
      "funding": [
        {
          "type": "individual",
          "url": "https://gitcoin.co/grants/13/ethersjs-complete-simple-and-tiny-2"
        },
        {
          "type": "individual",
          "url": "https://www.buymeacoffee.com/ricmoo"
        }
      ],
      "license": "MIT",
      "peer": true,
      "dependencies": {
        "@ethersproject/logger": "^5.8.0"
      }
    },
    "node_modules/@ethersproject/constants": {
      "version": "5.8.0",
      "resolved": "https://registry.npmjs.org/@ethersproject/constants/-/constants-5.8.0.tgz",
      "integrity": "sha512-wigX4lrf5Vu+axVTIvNsuL6YrV4O5AXl5ubcURKMEME5TnWBouUh0CDTWxZ2GpnRn1kcCgE7l8O5+VbV9QTTcg==",
      "funding": [
        {
          "type": "individual",
          "url": "https://gitcoin.co/grants/13/ethersjs-complete-simple-and-tiny-2"
        },
        {
          "type": "individual",
          "url": "https://www.buymeacoffee.com/ricmoo"
        }
      ],
      "license": "MIT",
      "peer": true,
      "dependencies": {
        "@ethersproject/bignumber": "^5.8.0"
      }
    },
    "node_modules/@ethersproject/contracts": {
      "version": "5.8.0",
      "resolved": "https://registry.npmjs.org/@ethersproject/contracts/-/contracts-5.8.0.tgz",
      "integrity": "sha512-0eFjGz9GtuAi6MZwhb4uvUM216F38xiuR0yYCjKJpNfSEy4HUM8hvqqBj9Jmm0IUz8l0xKEhWwLIhPgxNY0yvQ==",
      "funding": [
        {
          "type": "individual",
          "url": "https://gitcoin.co/grants/13/ethersjs-complete-simple-and-tiny-2"
        },
        {
          "type": "individual",
          "url": "https://www.buymeacoffee.com/ricmoo"
        }
      ],
      "license": "MIT",
      "peer": true,
      "dependencies": {
        "@ethersproject/abi": "^5.8.0",
        "@ethersproject/abstract-provider": "^5.8.0",
        "@ethersproject/abstract-signer": "^5.8.0",
        "@ethersproject/address": "^5.8.0",
        "@ethersproject/bignumber": "^5.8.0",
        "@ethersproject/bytes": "^5.8.0",
        "@ethersproject/constants": "^5.8.0",
        "@ethersproject/logger": "^5.8.0",
        "@ethersproject/properties": "^5.8.0",
        "@ethersproject/transactions": "^5.8.0"
      }
    },
    "node_modules/@ethersproject/hash": {
      "version": "5.8.0",
      "resolved": "https://registry.npmjs.org/@ethersproject/hash/-/hash-5.8.0.tgz",
      "integrity": "sha512-ac/lBcTbEWW/VGJij0CNSw/wPcw9bSRgCB0AIBz8CvED/jfvDoV9hsIIiWfvWmFEi8RcXtlNwp2jv6ozWOsooA==",
      "funding": [
        {
          "type": "individual",
          "url": "https://gitcoin.co/grants/13/ethersjs-complete-simple-and-tiny-2"
        },
        {
          "type": "individual",
          "url": "https://www.buymeacoffee.com/ricmoo"
        }
      ],
      "license": "MIT",
      "peer": true,
      "dependencies": {
        "@ethersproject/abstract-signer": "^5.8.0",
        "@ethersproject/address": "^5.8.0",
        "@ethersproject/base64": "^5.8.0",
        "@ethersproject/bignumber": "^5.8.0",
        "@ethersproject/bytes": "^5.8.0",
        "@ethersproject/keccak256": "^5.8.0",
        "@ethersproject/logger": "^5.8.0",
        "@ethersproject/properties": "^5.8.0",
        "@ethersproject/strings": "^5.8.0"
      }
    },
    "node_modules/@ethersproject/hdnode": {
      "version": "5.8.0",
      "resolved": "https://registry.npmjs.org/@ethersproject/hdnode/-/hdnode-5.8.0.tgz",
      "integrity": "sha512-4bK1VF6E83/3/Im0ERnnUeWOY3P1BZml4ZD3wcH8Ys0/d1h1xaFt6Zc+Dh9zXf9TapGro0T4wvO71UTCp3/uoA==",
      "funding": [
        {
          "type": "individual",
          "url": "https://gitcoin.co/grants/13/ethersjs-complete-simple-and-tiny-2"
        },
        {
          "type": "individual",
          "url": "https://www.buymeacoffee.com/ricmoo"
        }
      ],
      "license": "MIT",
      "peer": true,
      "dependencies": {
        "@ethersproject/abstract-signer": "^5.8.0",
        "@ethersproject/basex": "^5.8.0",
        "@ethersproject/bignumber": "^5.8.0",
        "@ethersproject/bytes": "^5.8.0",
        "@ethersproject/logger": "^5.8.0",
        "@ethersproject/pbkdf2": "^5.8.0",
        "@ethersproject/properties": "^5.8.0",
        "@ethersproject/sha2": "^5.8.0",
        "@ethersproject/signing-key": "^5.8.0",
        "@ethersproject/strings": "^5.8.0",
        "@ethersproject/transactions": "^5.8.0",
        "@ethersproject/wordlists": "^5.8.0"
      }
    },
    "node_modules/@ethersproject/json-wallets": {
      "version": "5.8.0",
      "resolved": "https://registry.npmjs.org/@ethersproject/json-wallets/-/json-wallets-5.8.0.tgz",
      "integrity": "sha512-HxblNck8FVUtNxS3VTEYJAcwiKYsBIF77W15HufqlBF9gGfhmYOJtYZp8fSDZtn9y5EaXTE87zDwzxRoTFk11w==",
      "funding": [
        {
          "type": "individual",
          "url": "https://gitcoin.co/grants/13/ethersjs-complete-simple-and-tiny-2"
        },
        {
          "type": "individual",
          "url": "https://www.buymeacoffee.com/ricmoo"
        }
      ],
      "license": "MIT",
      "peer": true,
      "dependencies": {
        "@ethersproject/abstract-signer": "^5.8.0",
        "@ethersproject/address": "^5.8.0",
        "@ethersproject/bytes": "^5.8.0",
        "@ethersproject/hdnode": "^5.8.0",
        "@ethersproject/keccak256": "^5.8.0",
        "@ethersproject/logger": "^5.8.0",
        "@ethersproject/pbkdf2": "^5.8.0",
        "@ethersproject/properties": "^5.8.0",
        "@ethersproject/random": "^5.8.0",
        "@ethersproject/strings": "^5.8.0",
        "@ethersproject/transactions": "^5.8.0",
        "aes-js": "3.0.0",
        "scrypt-js": "3.0.1"
      }
    },
    "node_modules/@ethersproject/keccak256": {
      "version": "5.8.0",
      "resolved": "https://registry.npmjs.org/@ethersproject/keccak256/-/keccak256-5.8.0.tgz",
      "integrity": "sha512-A1pkKLZSz8pDaQ1ftutZoaN46I6+jvuqugx5KYNeQOPqq+JZ0Txm7dlWesCHB5cndJSu5vP2VKptKf7cksERng==",
      "funding": [
        {
          "type": "individual",
          "url": "https://gitcoin.co/grants/13/ethersjs-complete-simple-and-tiny-2"
        },
        {
          "type": "individual",
          "url": "https://www.buymeacoffee.com/ricmoo"
        }
      ],
      "license": "MIT",
      "peer": true,
      "dependencies": {
        "@ethersproject/bytes": "^5.8.0",
        "js-sha3": "0.8.0"
      }
    },
    "node_modules/@ethersproject/logger": {
      "version": "5.8.0",
      "resolved": "https://registry.npmjs.org/@ethersproject/logger/-/logger-5.8.0.tgz",
      "integrity": "sha512-Qe6knGmY+zPPWTC+wQrpitodgBfH7XoceCGL5bJVejmH+yCS3R8jJm8iiWuvWbG76RUmyEG53oqv6GMVWqunjA==",
      "funding": [
        {
          "type": "individual",
          "url": "https://gitcoin.co/grants/13/ethersjs-complete-simple-and-tiny-2"
        },
        {
          "type": "individual",
          "url": "https://www.buymeacoffee.com/ricmoo"
        }
      ],
      "license": "MIT",
      "peer": true
    },
    "node_modules/@ethersproject/networks": {
      "version": "5.8.0",
      "resolved": "https://registry.npmjs.org/@ethersproject/networks/-/networks-5.8.0.tgz",
      "integrity": "sha512-egPJh3aPVAzbHwq8DD7Po53J4OUSsA1MjQp8Vf/OZPav5rlmWUaFLiq8cvQiGK0Z5K6LYzm29+VA/p4RL1FzNg==",
      "funding": [
        {
          "type": "individual",
          "url": "https://gitcoin.co/grants/13/ethersjs-complete-simple-and-tiny-2"
        },
        {
          "type": "individual",
          "url": "https://www.buymeacoffee.com/ricmoo"
        }
      ],
      "license": "MIT",
      "peer": true,
      "dependencies": {
        "@ethersproject/logger": "^5.8.0"
      }
    },
    "node_modules/@ethersproject/pbkdf2": {
      "version": "5.8.0",
      "resolved": "https://registry.npmjs.org/@ethersproject/pbkdf2/-/pbkdf2-5.8.0.tgz",
      "integrity": "sha512-wuHiv97BrzCmfEaPbUFpMjlVg/IDkZThp9Ri88BpjRleg4iePJaj2SW8AIyE8cXn5V1tuAaMj6lzvsGJkGWskg==",
      "funding": [
        {
          "type": "individual",
          "url": "https://gitcoin.co/grants/13/ethersjs-complete-simple-and-tiny-2"
        },
        {
          "type": "individual",
          "url": "https://www.buymeacoffee.com/ricmoo"
        }
      ],
      "license": "MIT",
      "peer": true,
      "dependencies": {
        "@ethersproject/bytes": "^5.8.0",
        "@ethersproject/sha2": "^5.8.0"
      }
    },
    "node_modules/@ethersproject/properties": {
      "version": "5.8.0",
      "resolved": "https://registry.npmjs.org/@ethersproject/properties/-/properties-5.8.0.tgz",
      "integrity": "sha512-PYuiEoQ+FMaZZNGrStmN7+lWjlsoufGIHdww7454FIaGdbe/p5rnaCXTr5MtBYl3NkeoVhHZuyzChPeGeKIpQw==",
      "funding": [
        {
          "type": "individual",
          "url": "https://gitcoin.co/grants/13/ethersjs-complete-simple-and-tiny-2"
        },
        {
          "type": "individual",
          "url": "https://www.buymeacoffee.com/ricmoo"
        }
      ],
      "license": "MIT",
      "peer": true,
      "dependencies": {
        "@ethersproject/logger": "^5.8.0"
      }
    },
    "node_modules/@ethersproject/providers": {
      "version": "5.8.0",
      "resolved": "https://registry.npmjs.org/@ethersproject/providers/-/providers-5.8.0.tgz",
      "integrity": "sha512-3Il3oTzEx3o6kzcg9ZzbE+oCZYyY+3Zh83sKkn4s1DZfTUjIegHnN2Cm0kbn9YFy45FDVcuCLLONhU7ny0SsCw==",
      "funding": [
        {
          "type": "individual",
          "url": "https://gitcoin.co/grants/13/ethersjs-complete-simple-and-tiny-2"
        },
        {
          "type": "individual",
          "url": "https://www.buymeacoffee.com/ricmoo"
        }
      ],
      "license": "MIT",
      "peer": true,
      "dependencies": {
        "@ethersproject/abstract-provider": "^5.8.0",
        "@ethersproject/abstract-signer": "^5.8.0",
        "@ethersproject/address": "^5.8.0",
        "@ethersproject/base64": "^5.8.0",
        "@ethersproject/basex": "^5.8.0",
        "@ethersproject/bignumber": "^5.8.0",
        "@ethersproject/bytes": "^5.8.0",
        "@ethersproject/constants": "^5.8.0",
        "@ethersproject/hash": "^5.8.0",
        "@ethersproject/logger": "^5.8.0",
        "@ethersproject/networks": "^5.8.0",
        "@ethersproject/properties": "^5.8.0",
        "@ethersproject/random": "^5.8.0",
        "@ethersproject/rlp": "^5.8.0",
        "@ethersproject/sha2": "^5.8.0",
        "@ethersproject/strings": "^5.8.0",
        "@ethersproject/transactions": "^5.8.0",
        "@ethersproject/web": "^5.8.0",
        "bech32": "1.1.4",
        "ws": "8.18.0"
      }
    },
    "node_modules/@ethersproject/random": {
      "version": "5.8.0",
      "resolved": "https://registry.npmjs.org/@ethersproject/random/-/random-5.8.0.tgz",
      "integrity": "sha512-E4I5TDl7SVqyg4/kkA/qTfuLWAQGXmSOgYyO01So8hLfwgKvYK5snIlzxJMk72IFdG/7oh8yuSqY2KX7MMwg+A==",
      "funding": [
        {
          "type": "individual",
          "url": "https://gitcoin.co/grants/13/ethersjs-complete-simple-and-tiny-2"
        },
        {
          "type": "individual",
          "url": "https://www.buymeacoffee.com/ricmoo"
        }
      ],
      "license": "MIT",
      "peer": true,
      "dependencies": {
        "@ethersproject/bytes": "^5.8.0",
        "@ethersproject/logger": "^5.8.0"
      }
    },
    "node_modules/@ethersproject/rlp": {
      "version": "5.8.0",
      "resolved": "https://registry.npmjs.org/@ethersproject/rlp/-/rlp-5.8.0.tgz",
      "integrity": "sha512-LqZgAznqDbiEunaUvykH2JAoXTT9NV0Atqk8rQN9nx9SEgThA/WMx5DnW8a9FOufo//6FZOCHZ+XiClzgbqV9Q==",
      "funding": [
        {
          "type": "individual",
          "url": "https://gitcoin.co/grants/13/ethersjs-complete-simple-and-tiny-2"
        },
        {
          "type": "individual",
          "url": "https://www.buymeacoffee.com/ricmoo"
        }
      ],
      "license": "MIT",
      "peer": true,
      "dependencies": {
        "@ethersproject/bytes": "^5.8.0",
        "@ethersproject/logger": "^5.8.0"
      }
    },
    "node_modules/@ethersproject/sha2": {
      "version": "5.8.0",
      "resolved": "https://registry.npmjs.org/@ethersproject/sha2/-/sha2-5.8.0.tgz",
      "integrity": "sha512-dDOUrXr9wF/YFltgTBYS0tKslPEKr6AekjqDW2dbn1L1xmjGR+9GiKu4ajxovnrDbwxAKdHjW8jNcwfz8PAz4A==",
      "funding": [
        {
          "type": "individual",
          "url": "https://gitcoin.co/grants/13/ethersjs-complete-simple-and-tiny-2"
        },
        {
          "type": "individual",
          "url": "https://www.buymeacoffee.com/ricmoo"
        }
      ],
      "license": "MIT",
      "peer": true,
      "dependencies": {
        "@ethersproject/bytes": "^5.8.0",
        "@ethersproject/logger": "^5.8.0",
        "hash.js": "1.1.7"
      }
    },
    "node_modules/@ethersproject/signing-key": {
      "version": "5.8.0",
      "resolved": "https://registry.npmjs.org/@ethersproject/signing-key/-/signing-key-5.8.0.tgz",
      "integrity": "sha512-LrPW2ZxoigFi6U6aVkFN/fa9Yx/+4AtIUe4/HACTvKJdhm0eeb107EVCIQcrLZkxaSIgc/eCrX8Q1GtbH+9n3w==",
      "funding": [
        {
          "type": "individual",
          "url": "https://gitcoin.co/grants/13/ethersjs-complete-simple-and-tiny-2"
        },
        {
          "type": "individual",
          "url": "https://www.buymeacoffee.com/ricmoo"
        }
      ],
      "license": "MIT",
      "peer": true,
      "dependencies": {
        "@ethersproject/bytes": "^5.8.0",
        "@ethersproject/logger": "^5.8.0",
        "@ethersproject/properties": "^5.8.0",
        "bn.js": "^5.2.1",
        "elliptic": "6.6.1",
        "hash.js": "1.1.7"
      }
    },
    "node_modules/@ethersproject/solidity": {
      "version": "5.8.0",
      "resolved": "https://registry.npmjs.org/@ethersproject/solidity/-/solidity-5.8.0.tgz",
      "integrity": "sha512-4CxFeCgmIWamOHwYN9d+QWGxye9qQLilpgTU0XhYs1OahkclF+ewO+3V1U0mvpiuQxm5EHHmv8f7ClVII8EHsA==",
      "funding": [
        {
          "type": "individual",
          "url": "https://gitcoin.co/grants/13/ethersjs-complete-simple-and-tiny-2"
        },
        {
          "type": "individual",
          "url": "https://www.buymeacoffee.com/ricmoo"
        }
      ],
      "license": "MIT",
      "peer": true,
      "dependencies": {
        "@ethersproject/bignumber": "^5.8.0",
        "@ethersproject/bytes": "^5.8.0",
        "@ethersproject/keccak256": "^5.8.0",
        "@ethersproject/logger": "^5.8.0",
        "@ethersproject/sha2": "^5.8.0",
        "@ethersproject/strings": "^5.8.0"
      }
    },
    "node_modules/@ethersproject/strings": {
      "version": "5.8.0",
      "resolved": "https://registry.npmjs.org/@ethersproject/strings/-/strings-5.8.0.tgz",
      "integrity": "sha512-qWEAk0MAvl0LszjdfnZ2uC8xbR2wdv4cDabyHiBh3Cldq/T8dPH3V4BbBsAYJUeonwD+8afVXld274Ls+Y1xXg==",
      "funding": [
        {
          "type": "individual",
          "url": "https://gitcoin.co/grants/13/ethersjs-complete-simple-and-tiny-2"
        },
        {
          "type": "individual",
          "url": "https://www.buymeacoffee.com/ricmoo"
        }
      ],
      "license": "MIT",
      "peer": true,
      "dependencies": {
        "@ethersproject/bytes": "^5.8.0",
        "@ethersproject/constants": "^5.8.0",
        "@ethersproject/logger": "^5.8.0"
      }
    },
    "node_modules/@ethersproject/transactions": {
      "version": "5.8.0",
      "resolved": "https://registry.npmjs.org/@ethersproject/transactions/-/transactions-5.8.0.tgz",
      "integrity": "sha512-UglxSDjByHG0TuU17bDfCemZ3AnKO2vYrL5/2n2oXvKzvb7Cz+W9gOWXKARjp2URVwcWlQlPOEQyAviKwT4AHg==",
      "funding": [
        {
          "type": "individual",
          "url": "https://gitcoin.co/grants/13/ethersjs-complete-simple-and-tiny-2"
        },
        {
          "type": "individual",
          "url": "https://www.buymeacoffee.com/ricmoo"
        }
      ],
      "license": "MIT",
      "peer": true,
      "dependencies": {
        "@ethersproject/address": "^5.8.0",
        "@ethersproject/bignumber": "^5.8.0",
        "@ethersproject/bytes": "^5.8.0",
        "@ethersproject/constants": "^5.8.0",
        "@ethersproject/keccak256": "^5.8.0",
        "@ethersproject/logger": "^5.8.0",
        "@ethersproject/properties": "^5.8.0",
        "@ethersproject/rlp": "^5.8.0",
        "@ethersproject/signing-key": "^5.8.0"
      }
    },
    "node_modules/@ethersproject/units": {
      "version": "5.8.0",
      "resolved": "https://registry.npmjs.org/@ethersproject/units/-/units-5.8.0.tgz",
      "integrity": "sha512-lxq0CAnc5kMGIiWW4Mr041VT8IhNM+Pn5T3haO74XZWFulk7wH1Gv64HqE96hT4a7iiNMdOCFEBgaxWuk8ETKQ==",
      "funding": [
        {
          "type": "individual",
          "url": "https://gitcoin.co/grants/13/ethersjs-complete-simple-and-tiny-2"
        },
        {
          "type": "individual",
          "url": "https://www.buymeacoffee.com/ricmoo"
        }
      ],
      "license": "MIT",
      "peer": true,
      "dependencies": {
        "@ethersproject/bignumber": "^5.8.0",
        "@ethersproject/constants": "^5.8.0",
        "@ethersproject/logger": "^5.8.0"
      }
    },
    "node_modules/@ethersproject/wallet": {
      "version": "5.8.0",
      "resolved": "https://registry.npmjs.org/@ethersproject/wallet/-/wallet-5.8.0.tgz",
      "integrity": "sha512-G+jnzmgg6UxurVKRKvw27h0kvG75YKXZKdlLYmAHeF32TGUzHkOFd7Zn6QHOTYRFWnfjtSSFjBowKo7vfrXzPA==",
      "funding": [
        {
          "type": "individual",
          "url": "https://gitcoin.co/grants/13/ethersjs-complete-simple-and-tiny-2"
        },
        {
          "type": "individual",
          "url": "https://www.buymeacoffee.com/ricmoo"
        }
      ],
      "license": "MIT",
      "peer": true,
      "dependencies": {
        "@ethersproject/abstract-provider": "^5.8.0",
        "@ethersproject/abstract-signer": "^5.8.0",
        "@ethersproject/address": "^5.8.0",
        "@ethersproject/bignumber": "^5.8.0",
        "@ethersproject/bytes": "^5.8.0",
        "@ethersproject/hash": "^5.8.0",
        "@ethersproject/hdnode": "^5.8.0",
        "@ethersproject/json-wallets": "^5.8.0",
        "@ethersproject/keccak256": "^5.8.0",
        "@ethersproject/logger": "^5.8.0",
        "@ethersproject/properties": "^5.8.0",
        "@ethersproject/random": "^5.8.0",
        "@ethersproject/signing-key": "^5.8.0",
        "@ethersproject/transactions": "^5.8.0",
        "@ethersproject/wordlists": "^5.8.0"
      }
    },
    "node_modules/@ethersproject/web": {
      "version": "5.8.0",
      "resolved": "https://registry.npmjs.org/@ethersproject/web/-/web-5.8.0.tgz",
      "integrity": "sha512-j7+Ksi/9KfGviws6Qtf9Q7KCqRhpwrYKQPs+JBA/rKVFF/yaWLHJEH3zfVP2plVu+eys0d2DlFmhoQJayFewcw==",
      "funding": [
        {
          "type": "individual",
          "url": "https://gitcoin.co/grants/13/ethersjs-complete-simple-and-tiny-2"
        },
        {
          "type": "individual",
          "url": "https://www.buymeacoffee.com/ricmoo"
        }
      ],
      "license": "MIT",
      "peer": true,
      "dependencies": {
        "@ethersproject/base64": "^5.8.0",
        "@ethersproject/bytes": "^5.8.0",
        "@ethersproject/logger": "^5.8.0",
        "@ethersproject/properties": "^5.8.0",
        "@ethersproject/strings": "^5.8.0"
      }
    },
    "node_modules/@ethersproject/wordlists": {
      "version": "5.8.0",
      "resolved": "https://registry.npmjs.org/@ethersproject/wordlists/-/wordlists-5.8.0.tgz",
      "integrity": "sha512-2df9bbXicZws2Sb5S6ET493uJ0Z84Fjr3pC4tu/qlnZERibZCeUVuqdtt+7Tv9xxhUxHoIekIA7avrKUWHrezg==",
      "funding": [
        {
          "type": "individual",
          "url": "https://gitcoin.co/grants/13/ethersjs-complete-simple-and-tiny-2"
        },
        {
          "type": "individual",
          "url": "https://www.buymeacoffee.com/ricmoo"
        }
      ],
      "license": "MIT",
      "peer": true,
      "dependencies": {
        "@ethersproject/bytes": "^5.8.0",
        "@ethersproject/hash": "^5.8.0",
        "@ethersproject/logger": "^5.8.0",
        "@ethersproject/properties": "^5.8.0",
        "@ethersproject/strings": "^5.8.0"
      }
    },
    "node_modules/@openzeppelin/contracts": {
      "version": "5.4.0",
      "resolved": "https://registry.npmjs.org/@openzeppelin/contracts/-/contracts-5.4.0.tgz",
      "integrity": "sha512-eCYgWnLg6WO+X52I16TZt8uEjbtdkgLC0SUX/xnAksjjrQI4Xfn4iBRoI5j55dmlOhDv1Y7BoR3cU7e3WWhC6A==",
      "license": "MIT"
    },
    "node_modules/@openzeppelin/contracts-old": {
      "name": "@openzeppelin/contracts",
      "version": "3.4.2",
      "resolved": "https://registry.npmjs.org/@openzeppelin/contracts/-/contracts-3.4.2.tgz",
      "integrity": "sha512-z0zMCjyhhp4y7XKAcDAi3Vgms4T2PstwBdahiO0+9NaGICQKjynK3wduSRplTgk4LXmoO1yfDGO5RbjKYxtuxA==",
      "license": "MIT"
    },
    "node_modules/@uniswap/lib": {
      "version": "4.0.1-alpha",
      "resolved": "https://registry.npmjs.org/@uniswap/lib/-/lib-4.0.1-alpha.tgz",
      "integrity": "sha512-f6UIliwBbRsgVLxIaBANF6w09tYqc6Y/qXdsrbEmXHyFA7ILiKrIwRFXe1yOg8M3cksgVsO9N7yuL2DdCGQKBA==",
      "license": "GPL-3.0-or-later",
      "engines": {
        "node": ">=10"
      }
    },
    "node_modules/@uniswap/v2-core": {
      "version": "1.0.1",
      "resolved": "https://registry.npmjs.org/@uniswap/v2-core/-/v2-core-1.0.1.tgz",
      "integrity": "sha512-MtybtkUPSyysqLY2U210NBDeCHX+ltHt3oADGdjqoThZaFRDKwM6k1Nb3F0A3hk5hwuQvytFWhrWHOEq6nVJ8Q==",
      "license": "GPL-3.0-or-later",
      "engines": {
        "node": ">=10"
      }
    },
    "node_modules/@uniswap/v2-periphery": {
      "version": "1.1.0-beta.0",
      "resolved": "https://registry.npmjs.org/@uniswap/v2-periphery/-/v2-periphery-1.1.0-beta.0.tgz",
      "integrity": "sha512-6dkwAMKza8nzqYiXEr2D86dgW3TTavUvCR0w2Tu33bAbM8Ah43LKAzH7oKKPRT5VJQaMi1jtkGs1E8JPor1n5g==",
      "license": "GPL-3.0-or-later",
      "dependencies": {
        "@uniswap/lib": "1.1.1",
        "@uniswap/v2-core": "1.0.0"
      },
      "engines": {
        "node": ">=10"
      }
    },
    "node_modules/@uniswap/v2-periphery/node_modules/@uniswap/lib": {
      "version": "1.1.1",
      "resolved": "https://registry.npmjs.org/@uniswap/lib/-/lib-1.1.1.tgz",
      "integrity": "sha512-2yK7sLpKIT91TiS5sewHtOa7YuM8IuBXVl4GZv2jZFys4D2sY7K5vZh6MqD25TPA95Od+0YzCVq6cTF2IKrOmg==",
      "license": "GPL-3.0-or-later",
      "engines": {
        "node": ">=10"
      }
    },
    "node_modules/@uniswap/v2-periphery/node_modules/@uniswap/v2-core": {
      "version": "1.0.0",
      "resolved": "https://registry.npmjs.org/@uniswap/v2-core/-/v2-core-1.0.0.tgz",
      "integrity": "sha512-BJiXrBGnN8mti7saW49MXwxDBRFiWemGetE58q8zgfnPPzQKq55ADltEILqOt6VFZ22kVeVKbF8gVd8aY3l7pA==",
      "license": "GPL-3.0-or-later",
      "engines": {
        "node": ">=10"
      }
    },
    "node_modules/aes-js": {
      "version": "3.0.0",
      "resolved": "https://registry.npmjs.org/aes-js/-/aes-js-3.0.0.tgz",
      "integrity": "sha512-H7wUZRn8WpTq9jocdxQ2c8x2sKo9ZVmzfRE13GiNJXfp7NcKYEdvl3vspKjXox6RIG2VtaRe4JFvxG4rqp2Zuw==",
      "license": "MIT",
      "peer": true
    },
    "node_modules/bech32": {
      "version": "1.1.4",
      "resolved": "https://registry.npmjs.org/bech32/-/bech32-1.1.4.tgz",
      "integrity": "sha512-s0IrSOzLlbvX7yp4WBfPITzpAU8sqQcpsmwXDiKwrG4r491vwCO/XpejasRNl0piBMe/DvP4Tz0mIS/X1DPJBQ==",
      "license": "MIT",
      "peer": true
    },
    "node_modules/bn.js": {
      "version": "5.2.2",
      "resolved": "https://registry.npmjs.org/bn.js/-/bn.js-5.2.2.tgz",
      "integrity": "sha512-v2YAxEmKaBLahNwE1mjp4WON6huMNeuDvagFZW+ASCuA/ku0bXR9hSMw0XpiqMoA3+rmnyck/tPRSFQkoC9Cuw==",
      "license": "MIT",
      "peer": true
    },
    "node_modules/brorand": {
      "version": "1.1.0",
      "resolved": "https://registry.npmjs.org/brorand/-/brorand-1.1.0.tgz",
      "integrity": "sha512-cKV8tMCEpQs4hK/ik71d6LrPOnpkpGBR0wzxqr68g2m/LB2GxVYQroAjMJZRVM1Y4BCjCKc3vAamxSzOY2RP+w==",
      "license": "MIT",
      "peer": true
    },
    "node_modules/elliptic": {
      "version": "6.6.1",
      "resolved": "https://registry.npmjs.org/elliptic/-/elliptic-6.6.1.tgz",
      "integrity": "sha512-RaddvvMatK2LJHqFJ+YA4WysVN5Ita9E35botqIYspQ4TkRAlCicdzKOjlyv/1Za5RyTNn7di//eEV0uTAfe3g==",
      "license": "MIT",
      "peer": true,
      "dependencies": {
        "bn.js": "^4.11.9",
        "brorand": "^1.1.0",
        "hash.js": "^1.0.0",
        "hmac-drbg": "^1.0.1",
        "inherits": "^2.0.4",
        "minimalistic-assert": "^1.0.1",
        "minimalistic-crypto-utils": "^1.0.1"
      }
    },
    "node_modules/elliptic/node_modules/bn.js": {
      "version": "4.12.2",
      "resolved": "https://registry.npmjs.org/bn.js/-/bn.js-4.12.2.tgz",
      "integrity": "sha512-n4DSx829VRTRByMRGdjQ9iqsN0Bh4OolPsFnaZBLcbi8iXcB+kJ9s7EnRt4wILZNV3kPLHkRVfOc/HvhC3ovDw==",
      "license": "MIT",
      "peer": true
    },
    "node_modules/ethers": {
      "version": "5.8.0",
      "resolved": "https://registry.npmjs.org/ethers/-/ethers-5.8.0.tgz",
      "integrity": "sha512-DUq+7fHrCg1aPDFCHx6UIPb3nmt2XMpM7Y/g2gLhsl3lIBqeAfOJIl1qEvRf2uq3BiKxmh6Fh5pfp2ieyek7Kg==",
      "funding": [
        {
          "type": "individual",
          "url": "https://gitcoin.co/grants/13/ethersjs-complete-simple-and-tiny-2"
        },
        {
          "type": "individual",
          "url": "https://www.buymeacoffee.com/ricmoo"
        }
      ],
      "license": "MIT",
      "peer": true,
      "dependencies": {
        "@ethersproject/abi": "5.8.0",
        "@ethersproject/abstract-provider": "5.8.0",
        "@ethersproject/abstract-signer": "5.8.0",
        "@ethersproject/address": "5.8.0",
        "@ethersproject/base64": "5.8.0",
        "@ethersproject/basex": "5.8.0",
        "@ethersproject/bignumber": "5.8.0",
        "@ethersproject/bytes": "5.8.0",
        "@ethersproject/constants": "5.8.0",
        "@ethersproject/contracts": "5.8.0",
        "@ethersproject/hash": "5.8.0",
        "@ethersproject/hdnode": "5.8.0",
        "@ethersproject/json-wallets": "5.8.0",
        "@ethersproject/keccak256": "5.8.0",
        "@ethersproject/logger": "5.8.0",
        "@ethersproject/networks": "5.8.0",
        "@ethersproject/pbkdf2": "5.8.0",
        "@ethersproject/properties": "5.8.0",
        "@ethersproject/providers": "5.8.0",
        "@ethersproject/random": "5.8.0",
        "@ethersproject/rlp": "5.8.0",
        "@ethersproject/sha2": "5.8.0",
        "@ethersproject/signing-key": "5.8.0",
        "@ethersproject/solidity": "5.8.0",
        "@ethersproject/strings": "5.8.0",
        "@ethersproject/transactions": "5.8.0",
        "@ethersproject/units": "5.8.0",
        "@ethersproject/wallet": "5.8.0",
        "@ethersproject/web": "5.8.0",
        "@ethersproject/wordlists": "5.8.0"
      }
    },
    "node_modules/forge-std": {
      "version": "1.12.0",
      "resolved": "git+ssh://git@github.com/foundry-rs/forge-std.git#7117c90c8cf6c68e5acce4f09a6b24715cea4de6",
      "license": "(Apache-2.0 OR MIT)"
    },
    "node_modules/hash.js": {
      "version": "1.1.7",
      "resolved": "https://registry.npmjs.org/hash.js/-/hash.js-1.1.7.tgz",
      "integrity": "sha512-taOaskGt4z4SOANNseOviYDvjEJinIkRgmp7LbKP2YTTmVxWBl87s/uzK9r+44BclBSp2X7K1hqeNfz9JbBeXA==",
      "license": "MIT",
      "peer": true,
      "dependencies": {
        "inherits": "^2.0.3",
        "minimalistic-assert": "^1.0.1"
      }
    },
    "node_modules/hmac-drbg": {
      "version": "1.0.1",
      "resolved": "https://registry.npmjs.org/hmac-drbg/-/hmac-drbg-1.0.1.tgz",
      "integrity": "sha512-Tti3gMqLdZfhOQY1Mzf/AanLiqh1WTiJgEj26ZuYQ9fbkLomzGchCws4FyrSd4VkpBfiNhaE1On+lOz894jvXg==",
      "license": "MIT",
      "peer": true,
      "dependencies": {
        "hash.js": "^1.0.3",
        "minimalistic-assert": "^1.0.0",
        "minimalistic-crypto-utils": "^1.0.1"
      }
    },
    "node_modules/inherits": {
      "version": "2.0.4",
      "resolved": "https://registry.npmjs.org/inherits/-/inherits-2.0.4.tgz",
      "integrity": "sha512-k/vGaX4/Yla3WzyMCvTQOXYeIHvqOKtnqBduzTHpzpQZzAskKMhZ2K+EnBiSM9zGSoIFeMpXKxa4dYeZIQqewQ==",
      "license": "ISC",
      "peer": true
    },
    "node_modules/js-sha3": {
      "version": "0.8.0",
      "resolved": "https://registry.npmjs.org/js-sha3/-/js-sha3-0.8.0.tgz",
      "integrity": "sha512-gF1cRrHhIzNfToc802P800N8PpXS+evLLXfsVpowqmAFR9uwbi89WvXg2QspOmXL8QL86J4T1EpFu+yUkwJY3Q==",
      "license": "MIT",
      "peer": true
    },
    "node_modules/minimalistic-assert": {
      "version": "1.0.1",
      "resolved": "https://registry.npmjs.org/minimalistic-assert/-/minimalistic-assert-1.0.1.tgz",
      "integrity": "sha512-UtJcAD4yEaGtjPezWuO9wC4nwUnVH/8/Im3yEHQP4b67cXlD/Qr9hdITCU1xDbSEXg2XKNaP8jsReV7vQd00/A==",
      "license": "ISC",
      "peer": true
    },
    "node_modules/minimalistic-crypto-utils": {
      "version": "1.0.1",
      "resolved": "https://registry.npmjs.org/minimalistic-crypto-utils/-/minimalistic-crypto-utils-1.0.1.tgz",
      "integrity": "sha512-JIYlbt6g8i5jKfJ3xz7rF0LXmv2TkDxBLUkiBeZ7bAx4GnnNMr8xFpGnOxn6GhTEHx3SjRrZEoU+j04prX1ktg==",
      "license": "MIT",
      "peer": true
    },
    "node_modules/scrypt-js": {
      "version": "3.0.1",
      "resolved": "https://registry.npmjs.org/scrypt-js/-/scrypt-js-3.0.1.tgz",
      "integrity": "sha512-cdwTTnqPu0Hyvf5in5asVdZocVDTNRmR7XEcJuIzMjJeSHybHl7vpB66AzwTaIg6CLSbtjcxc8fqcySfnTkccA==",
      "license": "MIT",
      "peer": true
    },
    "node_modules/solmate": {
      "version": "6.8.0",
      "resolved": "git+ssh://git@github.com/transmissions11/solmate.git#89365b880c4f3c786bdd453d4b8e8fe410344a69",
      "license": "AGPL-3.0-only"
    },
    "node_modules/ws": {
      "version": "8.18.0",
      "resolved": "https://registry.npmjs.org/ws/-/ws-8.18.0.tgz",
      "integrity": "sha512-8VbfWfHLbbwu3+N6OKsOMpBdT4kXPDDB9cJk2bJ6mh9ucxdlnNvH1e+roYkKmN9Nxw2yjz7VzeO9oOz2zJ04Pw==",
      "license": "MIT",
      "peer": true,
      "engines": {
        "node": ">=10.0.0"
      },
      "peerDependencies": {
        "bufferutil": "^4.0.1",
        "utf-8-validate": ">=5.0.2"
      },
      "peerDependenciesMeta": {
        "bufferutil": {
          "optional": true
        },
        "utf-8-validate": {
          "optional": true
        }
      }
    }
  }
}
